
Microsoft Visual Studio Solution File, Format Version 12.00
# Visual Studio Version 16
VisualStudioVersion = 16.0.32106.194
MinimumVisualStudioVersion = 10.0.40219.1
Project("{FAE04EC0-301F-11D3-BF4B-00C04F79EFBC}") = "PKAD CHROMATICS REPORT", "PKAD CHROMATICS REPORT\PKAD CHROMATICS REPORT.csproj", "{D5D9EB68-4B82-4CBF-9D1B-507FF802CC59}"
EndProject
Global
	GlobalSection(SolutionConfigurationPlatforms) = preSolution
		Debug|Any CPU = Debug|Any CPU
		Release|Any CPU = Release|Any CPU
	EndGlobalSection
	GlobalSection(ProjectConfigurationPlatforms) = postSolution
		{D5D9EB68-4B82-4CBF-9D1B-507FF802CC59}.Debug|Any CPU.ActiveCfg = Debug|Any CPU
		{D5D9EB68-4B82-4CBF-9D1B-507FF802CC59}.Debug|Any CPU.Build.0 = Debug|Any CPU
		{D5D9EB68-4B82-4CBF-9D1B-507FF802CC59}.Release|Any CPU.ActiveCfg = Release|Any CPU
		{D5D9EB68-4B82-4CBF-9D1B-507FF802CC59}.Release|Any CPU.Build.0 = Release|Any CPU
	EndGlobalSection
	GlobalSection(SolutionProperties) = preSolution
		HideSolutionNode = FALSE
	EndGlobalSection
	GlobalSection(ExtensibilityGlobals) = postSolution
		SolutionGuid = {1FCFE622-DED3-4C98-B5FA-6B7922F25F35}
	EndGlobalSection
EndGlobal
